
Microsoft Visual Studio Solution File, Format Version 12.00
# Visual Studio Version 17
VisualStudioVersion = 17.6.33717.318
MinimumVisualStudioVersion = 10.0.40219.1
Project("{9A19103F-16F7-4668-BE54-9A1E7A4F7556}") = "DesignPatterns", "Singleton\DesignPatterns.csproj", "{FBBFBC97-56C7-4F23-B5FB-ED6C55E96E96}"
EndProject
Project("{9A19103F-16F7-4668-BE54-9A1E7A4F7556}") = "DesignPatternsASP", "DesignPatternsASP\DesignPatternsASP.csproj", "{9C383B7A-7473-4834-A128-6E287EFE4086}"
EndProject
Project("{9A19103F-16F7-4668-BE54-9A1E7A4F7556}") = "Tools", "Tools\Tools.csproj", "{EA2033EE-1BE8-4391-B8AD-B0341ED00134}"
EndProject
Project("{FAE04EC0-301F-11D3-BF4B-00C04F79EFBC}") = "DesignPatterns.Models", "DesignPatterns.Models\DesignPatterns.Models.csproj", "{6CA30D50-768B-4833-8FAB-67EBEDF85F3E}"
EndProject
Project("{FAE04EC0-301F-11D3-BF4B-00C04F79EFBC}") = "DesignPatterns.Repository", "DesignPatterns.Repository\DesignPatterns.Repository.csproj", "{D48C8E1D-50C8-43E5-918C-A0596DF03D20}"
EndProject
Global
	GlobalSection(SolutionConfigurationPlatforms) = preSolution
		Debug|Any CPU = Debug|Any CPU
		Release|Any CPU = Release|Any CPU
	EndGlobalSection
	GlobalSection(ProjectConfigurationPlatforms) = postSolution
		{FBBFBC97-56C7-4F23-B5FB-ED6C55E96E96}.Debug|Any CPU.ActiveCfg = Debug|Any CPU
		{FBBFBC97-56C7-4F23-B5FB-ED6C55E96E96}.Debug|Any CPU.Build.0 = Debug|Any CPU
		{FBBFBC97-56C7-4F23-B5FB-ED6C55E96E96}.Release|Any CPU.ActiveCfg = Release|Any CPU
		{FBBFBC97-56C7-4F23-B5FB-ED6C55E96E96}.Release|Any CPU.Build.0 = Release|Any CPU
		{9C383B7A-7473-4834-A128-6E287EFE4086}.Debug|Any CPU.ActiveCfg = Debug|Any CPU
		{9C383B7A-7473-4834-A128-6E287EFE4086}.Debug|Any CPU.Build.0 = Debug|Any CPU
		{9C383B7A-7473-4834-A128-6E287EFE4086}.Release|Any CPU.ActiveCfg = Release|Any CPU
		{9C383B7A-7473-4834-A128-6E287EFE4086}.Release|Any CPU.Build.0 = Release|Any CPU
		{EA2033EE-1BE8-4391-B8AD-B0341ED00134}.Debug|Any CPU.ActiveCfg = Debug|Any CPU
		{EA2033EE-1BE8-4391-B8AD-B0341ED00134}.Debug|Any CPU.Build.0 = Debug|Any CPU
		{EA2033EE-1BE8-4391-B8AD-B0341ED00134}.Release|Any CPU.ActiveCfg = Release|Any CPU
		{EA2033EE-1BE8-4391-B8AD-B0341ED00134}.Release|Any CPU.Build.0 = Release|Any CPU
		{6CA30D50-768B-4833-8FAB-67EBEDF85F3E}.Debug|Any CPU.ActiveCfg = Debug|Any CPU
		{6CA30D50-768B-4833-8FAB-67EBEDF85F3E}.Debug|Any CPU.Build.0 = Debug|Any CPU
		{6CA30D50-768B-4833-8FAB-67EBEDF85F3E}.Release|Any CPU.ActiveCfg = Release|Any CPU
		{6CA30D50-768B-4833-8FAB-67EBEDF85F3E}.Release|Any CPU.Build.0 = Release|Any CPU
		{D48C8E1D-50C8-43E5-918C-A0596DF03D20}.Debug|Any CPU.ActiveCfg = Debug|Any CPU
		{D48C8E1D-50C8-43E5-918C-A0596DF03D20}.Debug|Any CPU.Build.0 = Debug|Any CPU
		{D48C8E1D-50C8-43E5-918C-A0596DF03D20}.Release|Any CPU.ActiveCfg = Release|Any CPU
		{D48C8E1D-50C8-43E5-918C-A0596DF03D20}.Release|Any CPU.Build.0 = Release|Any CPU
	EndGlobalSection
	GlobalSection(SolutionProperties) = preSolution
		HideSolutionNode = FALSE
	EndGlobalSection
	GlobalSection(ExtensibilityGlobals) = postSolution
		SolutionGuid = {FEAFEAA1-5CBC-407D-BD9F-E29F34593E21}
	EndGlobalSection
EndGlobal
